
Microsoft Visual Studio Solution File, Format Version 12.00
# Visual Studio 14
VisualStudioVersion = 14.0.23107.0
MinimumVisualStudioVersion = 10.0.40219.1
Project("{FAE04EC0-301F-11D3-BF4B-00C04F79EFBC}") = "DXWebAsoc", "DXWebAsoc\DXWebAsoc.csproj", "{9C1D3737-C388-4648-9295-390280ABDC96}"
EndProject
Project("{2150E333-8FDC-42A3-9474-1A3956D46DE8}") = "Business Model", "Business Model", "{CBCC0512-7B87-4F1B-A53E-26C2BB664654}"
EndProject
Project("{2150E333-8FDC-42A3-9474-1A3956D46DE8}") = "Data Access", "Data Access", "{81CDE690-491B-41E0-9144-B960C8584110}"
EndProject
Project("{2150E333-8FDC-42A3-9474-1A3956D46DE8}") = "Business Logic", "Business Logic", "{CE6994B4-D077-4311-8569-4EFC01AC1413}"
EndProject
Project("{2150E333-8FDC-42A3-9474-1A3956D46DE8}") = "User Interface", "User Interface", "{686B2304-FBD3-44A6-AF15-FB99F4B58191}"
EndProject
Project("{2150E333-8FDC-42A3-9474-1A3956D46DE8}") = "WCF", "WCF", "{95FB6EA5-F8BB-4615-A92A-E93E1988A80A}"
EndProject
Project("{2150E333-8FDC-42A3-9474-1A3956D46DE8}") = "Utilities", "Utilities", "{5F54B63A-F418-4120-84F2-774339DD7EEC}"
EndProject
Project("{FAE04EC0-301F-11D3-BF4B-00C04F79EFBC}") = "DXWebAsoc.Model.Entities", "DXWebAsoc.Model.Classes\DXWebAsoc.Model.Entities.csproj", "{24B072DC-560F-47D0-B173-EC51F25874C2}"
EndProject
Project("{FAE04EC0-301F-11D3-BF4B-00C04F79EFBC}") = "DXWebAsoc.DAL.CORE", "DXWebAsoc.DAL.CORE\DXWebAsoc.DAL.CORE.csproj", "{0F553262-BEA0-464C-A390-EE6115774842}"
EndProject
Project("{FAE04EC0-301F-11D3-BF4B-00C04F79EFBC}") = "DXWebAsoc.DAL.DS", "DXWebAsoc.DAL.DS\DXWebAsoc.DAL.DS.csproj", "{84EF9F30-DFD5-4FD9-951F-DF8C8FC6BCE9}"
EndProject
Project("{FAE04EC0-301F-11D3-BF4B-00C04F79EFBC}") = "DXWebAsoc.BusinessLogic", "DXWebAsoc.BusinessLogic\DXWebAsoc.BusinessLogic.csproj", "{DE530DBE-EEA8-4E58-8B2E-6FABF8EAE24B}"
	ProjectSection(ProjectDependencies) = postProject
		{F3775016-1804-4120-AB7D-CB68F84F288C} = {F3775016-1804-4120-AB7D-CB68F84F288C}
	EndProjectSection
EndProject
Project("{FAE04EC0-301F-11D3-BF4B-00C04F79EFBC}") = "Utilities", "Utilities\Utilities.csproj", "{2E475058-35B7-4504-B9E8-D2C03F5D1A46}"
EndProject
Project("{FAE04EC0-301F-11D3-BF4B-00C04F79EFBC}") = "WcfService", "WcfService\WcfService.csproj", "{F3775016-1804-4120-AB7D-CB68F84F288C}"
	ProjectSection(ProjectDependencies) = postProject
		{0F553262-BEA0-464C-A390-EE6115774842} = {0F553262-BEA0-464C-A390-EE6115774842}
	EndProjectSection
EndProject
Project("{2150E333-8FDC-42A3-9474-1A3956D46DE8}") = "Scripts", "Scripts", "{908B4FC9-EE97-43BB-9D8D-F32F2CA01CA5}"
	ProjectSection(SolutionItems) = preProject
		..\..\..\Desktop\Tarea Calidad\sp_Base_Datos_Eventos.sql = ..\..\..\Desktop\Tarea Calidad\sp_Base_Datos_Eventos.sql
	EndProjectSection
EndProject
Global
	GlobalSection(SolutionConfigurationPlatforms) = preSolution
		Debug|Any CPU = Debug|Any CPU
		Release|Any CPU = Release|Any CPU
	EndGlobalSection
	GlobalSection(ProjectConfigurationPlatforms) = postSolution
		{9C1D3737-C388-4648-9295-390280ABDC96}.Debug|Any CPU.ActiveCfg = Debug|Any CPU
		{9C1D3737-C388-4648-9295-390280ABDC96}.Debug|Any CPU.Build.0 = Debug|Any CPU
		{9C1D3737-C388-4648-9295-390280ABDC96}.Release|Any CPU.ActiveCfg = Release|Any CPU
		{9C1D3737-C388-4648-9295-390280ABDC96}.Release|Any CPU.Build.0 = Release|Any CPU
		{24B072DC-560F-47D0-B173-EC51F25874C2}.Debug|Any CPU.ActiveCfg = Debug|Any CPU
		{24B072DC-560F-47D0-B173-EC51F25874C2}.Debug|Any CPU.Build.0 = Debug|Any CPU
		{24B072DC-560F-47D0-B173-EC51F25874C2}.Release|Any CPU.ActiveCfg = Release|Any CPU
		{24B072DC-560F-47D0-B173-EC51F25874C2}.Release|Any CPU.Build.0 = Release|Any CPU
		{0F553262-BEA0-464C-A390-EE6115774842}.Debug|Any CPU.ActiveCfg = Debug|Any CPU
		{0F553262-BEA0-464C-A390-EE6115774842}.Debug|Any CPU.Build.0 = Debug|Any CPU
		{0F553262-BEA0-464C-A390-EE6115774842}.Release|Any CPU.ActiveCfg = Release|Any CPU
		{0F553262-BEA0-464C-A390-EE6115774842}.Release|Any CPU.Build.0 = Release|Any CPU
		{84EF9F30-DFD5-4FD9-951F-DF8C8FC6BCE9}.Debug|Any CPU.ActiveCfg = Debug|Any CPU
		{84EF9F30-DFD5-4FD9-951F-DF8C8FC6BCE9}.Debug|Any CPU.Build.0 = Debug|Any CPU
		{84EF9F30-DFD5-4FD9-951F-DF8C8FC6BCE9}.Release|Any CPU.ActiveCfg = Release|Any CPU
		{84EF9F30-DFD5-4FD9-951F-DF8C8FC6BCE9}.Release|Any CPU.Build.0 = Release|Any CPU
		{DE530DBE-EEA8-4E58-8B2E-6FABF8EAE24B}.Debug|Any CPU.ActiveCfg = Debug|Any CPU
		{DE530DBE-EEA8-4E58-8B2E-6FABF8EAE24B}.Debug|Any CPU.Build.0 = Debug|Any CPU
		{DE530DBE-EEA8-4E58-8B2E-6FABF8EAE24B}.Release|Any CPU.ActiveCfg = Release|Any CPU
		{DE530DBE-EEA8-4E58-8B2E-6FABF8EAE24B}.Release|Any CPU.Build.0 = Release|Any CPU
		{2E475058-35B7-4504-B9E8-D2C03F5D1A46}.Debug|Any CPU.ActiveCfg = Debug|Any CPU
		{2E475058-35B7-4504-B9E8-D2C03F5D1A46}.Debug|Any CPU.Build.0 = Debug|Any CPU
		{2E475058-35B7-4504-B9E8-D2C03F5D1A46}.Release|Any CPU.ActiveCfg = Release|Any CPU
		{2E475058-35B7-4504-B9E8-D2C03F5D1A46}.Release|Any CPU.Build.0 = Release|Any CPU
		{F3775016-1804-4120-AB7D-CB68F84F288C}.Debug|Any CPU.ActiveCfg = Debug|Any CPU
		{F3775016-1804-4120-AB7D-CB68F84F288C}.Debug|Any CPU.Build.0 = Debug|Any CPU
		{F3775016-1804-4120-AB7D-CB68F84F288C}.Release|Any CPU.ActiveCfg = Release|Any CPU
		{F3775016-1804-4120-AB7D-CB68F84F288C}.Release|Any CPU.Build.0 = Release|Any CPU
	EndGlobalSection
	GlobalSection(SolutionProperties) = preSolution
		HideSolutionNode = FALSE
	EndGlobalSection
	GlobalSection(NestedProjects) = preSolution
		{9C1D3737-C388-4648-9295-390280ABDC96} = {686B2304-FBD3-44A6-AF15-FB99F4B58191}
		{24B072DC-560F-47D0-B173-EC51F25874C2} = {CBCC0512-7B87-4F1B-A53E-26C2BB664654}
		{0F553262-BEA0-464C-A390-EE6115774842} = {81CDE690-491B-41E0-9144-B960C8584110}
		{84EF9F30-DFD5-4FD9-951F-DF8C8FC6BCE9} = {81CDE690-491B-41E0-9144-B960C8584110}
		{DE530DBE-EEA8-4E58-8B2E-6FABF8EAE24B} = {CE6994B4-D077-4311-8569-4EFC01AC1413}
		{2E475058-35B7-4504-B9E8-D2C03F5D1A46} = {5F54B63A-F418-4120-84F2-774339DD7EEC}
		{F3775016-1804-4120-AB7D-CB68F84F288C} = {95FB6EA5-F8BB-4615-A92A-E93E1988A80A}
		{908B4FC9-EE97-43BB-9D8D-F32F2CA01CA5} = {5F54B63A-F418-4120-84F2-774339DD7EEC}
	EndGlobalSection
EndGlobal
